Microsoft Visual Studio Solution File, Format Version 12.00
# Visual Studio Version 17
VisualStudioVersion = 17.5.2.0
MinimumVisualStudioVersion = 10.0.40219.1
Project("{FAE04EC0-301F-11D3-BF4B-00C04F79EFBC}") = "NetworkMonitorAgent-Android", "NetworkMonitorAgent-Android.csproj", "{293FEF1B-1639-E00B-4CFF-D5F20C833D02}"
EndProject
Global
	GlobalSection(SolutionConfigurationPlatforms) = preSolution
		Debug|Any CPU = Debug|Any CPU
		Release|Any CPU = Release|Any CPU
	EndGlobalSection
	GlobalSection(ProjectConfigurationPlatforms) = postSolution
		{293FEF1B-1639-E00B-4CFF-D5F20C833D02}.Debug|Any CPU.ActiveCfg = Debug|Any CPU
		{293FEF1B-1639-E00B-4CFF-D5F20C833D02}.Debug|Any CPU.Build.0 = Debug|Any CPU
		{293FEF1B-1639-E00B-4CFF-D5F20C833D02}.Release|Any CPU.ActiveCfg = Release|Any CPU
		{293FEF1B-1639-E00B-4CFF-D5F20C833D02}.Release|Any CPU.Build.0 = Release|Any CPU
	EndGlobalSection
	GlobalSection(SolutionProperties) = preSolution
		HideSolutionNode = FALSE
	EndGlobalSection
	GlobalSection(ExtensibilityGlobals) = postSolution
		SolutionGuid = {C39FCF98-D2D5-4E21-B92C-E7A42162C92A}
	EndGlobalSection
EndGlobal
